// !$*UTF8*$!
{
	archiveVersion = 1;
	classes = {
	};
	objectVersion = 46;
	objects = {

/* Begin PBXBuildFile section */
		CB3812961C328DF30016397C /* main.m in Sources */ = {isa = PBXBuildFile; fileRef = CB3812951C328DF30016397C /* main.m */; };
		CB3812991C328DF30016397C /* AppDelegate.m in Sources */ = {isa = PBXBuildFile; fileRef = CB3812981C328DF30016397C /* AppDelegate.m */; };
		CB38129C1C328DF30016397C /* ViewController.m in Sources */ = {isa = PBXBuildFile; fileRef = CB38129B1C328DF30016397C /* ViewController.m */; };
		CB38129F1C328DF30016397C /* Main.storyboard in Resources */ = {isa = PBXBuildFile; fileRef = CB38129D1C328DF30016397C /* Main.storyboard */; };
		CB3812A21C328DF30016397C /* IQ_Option_Helper.xcdatamodeld in Sources */ = {isa = PBXBuildFile; fileRef = CB3812A01C328DF30016397C /* IQ_Option_Helper.xcdatamodeld */; };
		CB3812A41C328DF30016397C /* Assets.xcassets in Resources */ = {isa = PBXBuildFile; fileRef = CB3812A31C328DF30016397C /* Assets.xcassets */; };
		CB3812A71C328DF30016397C /* LaunchScreen.storyboard in Resources */ = {isa = PBXBuildFile; fileRef = CB3812A51C328DF30016397C /* LaunchScreen.storyboard */; };
		CB3812B21C328DF30016397C /* IQ_Option_HelperTests.m in Sources */ = {isa = PBXBuildFile; fileRef = CB3812B11C328DF30016397C /* IQ_Option_HelperTests.m */; };
		CB3812D31C328E150016397C /* Roboto-Bold.ttf in Resources */ = {isa = PBXBuildFile; fileRef = CB3812CA1C328E150016397C /* Roboto-Bold.ttf */; };
		CB3812D41C328E150016397C /* LOSE.png in Resources */ = {isa = PBXBuildFile; fileRef = CB3812CB1C328E150016397C /* LOSE.png */; };
		CB3812D61C328E150016397C /* Roboto-Light.ttf in Resources */ = {isa = PBXBuildFile; fileRef = CB3812CD1C328E150016397C /* Roboto-Light.ttf */; };
		CB3812D81C328E150016397C /* WIN.png in Resources */ = {isa = PBXBuildFile; fileRef = CB3812CF1C328E150016397C /* WIN.png */; };
		CB3812D91C328E150016397C /* IQOH.png in Resources */ = {isa = PBXBuildFile; fileRef = CB3812D01C328E150016397C /* IQOH.png */; };
		CB3812E01C3292130016397C /* –.png in Resources */ = {isa = PBXBuildFile; fileRef = CB3812DC1C3292130016397C /* –.png */; };
		CB3812E11C3292130016397C /* IQOHIntro.png in Resources */ = {isa = PBXBuildFile; fileRef = CB3812DD1C3292130016397C /* IQOHIntro.png */; };
		CB3812E21C3292130016397C /* IQOHBack.png in Resources */ = {isa = PBXBuildFile; fileRef = CB3812DE1C3292130016397C /* IQOHBack.png */; };
		CB3812E31C3292130016397C /* +.png in Resources */ = {isa = PBXBuildFile; fileRef = CB3812DF1C3292130016397C /* +.png */; };
		CB3812E61C32921F0016397C /* IQOHIco120.png in Resources */ = {isa = PBXBuildFile; fileRef = CB3812E41C32921F0016397C /* IQOHIco120.png */; };
		CB3812E71C32921F0016397C /* IQOHIco180.png in Resources */ = {isa = PBXBuildFile; fileRef = CB3812E51C32921F0016397C /* IQOHIco180.png */; };
/* End PBXBuildFile section */

/* Begin PBXContainerItemProxy section */
		CB3812AE1C328DF30016397C /* PBXContainerItemProxy */ = {
			isa = PBXContainerItemProxy;
			containerPortal = CB3812891C328DF30016397C /* Project object */;
			proxyType = 1;
			remoteGlobalIDString = CB3812901C328DF30016397C;
			remoteInfo = "IQ Option Helper";
		};
/* End PBXContainerItemProxy section */

/* Begin PBXCopyFilesBuildPhase section */
		CB9737AE1C38964800F9F9D3 /* Embed App Extensions */ = {
			isa = PBXCopyFilesBuildPhase;
			buildActionMask = 2147483647;
			dstPath = "";
			dstSubfolderSpec = 13;
			files = (
			);
			name = "Embed App Extensions";
			runOnlyForDeploymentPostprocessing = 0;
		};
/* End PBXCopyFilesBuildPhase section */

/* Begin PBXFileReference section */
		CB3812911C328DF30016397C /* IQ Helper.app */ = {isa = PBXFileReference; explicitFileType = wrapper.application; includeInIndex = 0; path = "IQ Helper.app"; sourceTree = BUILT_PRODUCTS_DIR; };
		CB3812951C328DF30016397C /* main.m */ = {isa = PBXFileReference; lastKnownFileType = sourcecode.c.objc; path = main.m; sourceTree = "<group>"; };
		CB3812971C328DF30016397C /* AppDelegate.h */ = {isa = PBXFileReference; lastKnownFileType = sourcecode.c.h; path = AppDelegate.h; sourceTree = "<group>"; };
		CB3812981C328DF30016397C /* AppDelegate.m */ = {isa = PBXFileReference; lastKnownFileType = sourcecode.c.objc; path = AppDelegate.m; sourceTree = "<group>"; };
		CB38129A1C328DF30016397C /* ViewController.h */ = {isa = PBXFileReference; lastKnownFileType = sourcecode.c.h; path = ViewController.h; sourceTree = "<group>"; };
		CB38129B1C328DF30016397C /* ViewController.m */ = {isa = PBXFileReference; lastKnownFileType = sourcecode.c.objc; path = ViewController.m; sourceTree = "<group>"; };
		CB38129E1C328DF30016397C /* Base */ = {isa = PBXFileReference; lastKnownFileType = file.storyboard; name = Base; path = Base.lproj/Main.storyboard; sourceTree = "<group>"; };
		CB3812A11C328DF30016397C /* IQ_Option_Helper.xcdatamodel */ = {isa = PBXFileReference; lastKnownFileType = wrapper.xcdatamodel; path = IQ_Option_Helper.xcdatamodel; sourceTree = "<group>"; };
		CB3812A31C328DF30016397C /* Assets.xcassets */ = {isa = PBXFileReference; lastKnownFileType = folder.assetcatalog; path = Assets.xcassets; sourceTree = "<group>"; };
		CB3812A61C328DF30016397C /* Base */ = {isa = PBXFileReference; lastKnownFileType = file.storyboard; name = Base; path = Base.lproj/LaunchScreen.storyboard; sourceTree = "<group>"; };
		CB3812A81C328DF30016397C /* Info.plist */ = {isa = PBXFileReference; lastKnownFileType = text.plist.xml; path = Info.plist; sourceTree = "<group>"; };
		CB3812AD1C328DF30016397C /* IQ Option HelperTests.xctest */ = {isa = PBXFileReference; explicitFileType = wrapper.cfbundle; includeInIndex = 0; path = "IQ Option HelperTests.xctest"; sourceTree = BUILT_PRODUCTS_DIR; };
		CB3812B11C328DF30016397C /* IQ_Option_HelperTests.m */ = {isa = PBXFileReference; lastKnownFileType = sourcecode.c.objc; path = IQ_Option_HelperTests.m; sourceTree = "<group>"; };
		CB3812B31C328DF30016397C /* Info.plist */ = {isa = PBXFileReference; lastKnownFileType = text.plist.xml; path = Info.plist; sourceTree = "<group>"; };
		CB3812CA1C328E150016397C /* Roboto-Bold.ttf */ = {isa = PBXFileReference; lastKnownFileType = file; path = "Roboto-Bold.ttf"; sourceTree = "<group>"; };
		CB3812CB1C328E150016397C /* LOSE.png */ = {isa = PBXFileReference; lastKnownFileType = image.png; path = LOSE.png; sourceTree = "<group>"; };
		CB3812CD1C328E150016397C /* Roboto-Light.ttf */ = {isa = PBXFileReference; lastKnownFileType = file; path = "Roboto-Light.ttf"; sourceTree = "<group>"; };
		CB3812CF1C328E150016397C /* WIN.png */ = {isa = PBXFileReference; lastKnownFileType = image.png; path = WIN.png; sourceTree = "<group>"; };
		CB3812D01C328E150016397C /* IQOH.png */ = {isa = PBXFileReference; lastKnownFileType = image.png; path = IQOH.png; sourceTree = "<group>"; };
		CB3812DC1C3292130016397C /* –.png */ = {isa = PBXFileReference; lastKnownFileType = image.png; path = "–.png"; sourceTree = "<group>"; };
		CB3812DD1C3292130016397C /* IQOHIntro.png */ = {isa = PBXFileReference; lastKnownFileType = image.png; path = IQOHIntro.png; sourceTree = "<group>"; };
		CB3812DE1C3292130016397C /* IQOHBack.png */ = {isa = PBXFileReference; lastKnownFileType = image.png; path = IQOHBack.png; sourceTree = "<group>"; };
		CB3812DF1C3292130016397C /* +.png */ = {isa = PBXFileReference; lastKnownFileType = image.png; path = "+.png"; sourceTree = "<group>"; };
		CB3812E41C32921F0016397C /* IQOHIco120.png */ = {isa = PBXFileReference; lastKnownFileType = image.png; path = IQOHIco120.png; sourceTree = "<group>"; };
		CB3812E51C32921F0016397C /* IQOHIco180.png */ = {isa = PBXFileReference; lastKnownFileType = image.png; path = IQOHIco180.png; sourceTree = "<group>"; };
/* End PBXFileReference section */

/* Begin PBXFrameworksBuildPhase section */
		CB38128E1C328DF30016397C /* Frameworks */ = {
			isa = PBXFrameworksBuildPhase;
			buildActionMask = 2147483647;
			files = (
			);
			runOnlyForDeploymentPostprocessing = 0;
		};
		CB3812AA1C328DF30016397C /* Frameworks */ = {
			isa = PBXFrameworksBuildPhase;
			buildActionMask = 2147483647;
			files = (
			);
			runOnlyForDeploymentPostprocessing = 0;
		};
/* End PBXFrameworksBuildPhase section */

/* Begin PBXGroup section */
		CB3812881C328DF30016397C = {
			isa = PBXGroup;
			children = (
				CB3812931C328DF30016397C /* IQ Option Helper */,
				CB3812B01C328DF30016397C /* IQ Option HelperTests */,
				CB3812921C328DF30016397C /* Products */,
			);
			sourceTree = "<group>";
		};
		CB3812921C328DF30016397C /* Products */ = {
			isa = PBXGroup;
			children = (
				CB3812911C328DF30016397C /* IQ Helper.app */,
				CB3812AD1C328DF30016397C /* IQ Option HelperTests.xctest */,
			);
			name = Products;
			sourceTree = "<group>";
		};
		CB3812931C328DF30016397C /* IQ Option Helper */ = {
			isa = PBXGroup;
			children = (
				CB3812971C328DF30016397C /* AppDelegate.h */,
				CB3812981C328DF30016397C /* AppDelegate.m */,
				CB38129A1C328DF30016397C /* ViewController.h */,
				CB38129B1C328DF30016397C /* ViewController.m */,
				CB38129D1C328DF30016397C /* Main.storyboard */,
				CB3812A31C328DF30016397C /* Assets.xcassets */,
				CB3812A51C328DF30016397C /* LaunchScreen.storyboard */,
				CB3812A81C328DF30016397C /* Info.plist */,
				CB3812A01C328DF30016397C /* IQ_Option_Helper.xcdatamodeld */,
				CB3812941C328DF30016397C /* Supporting Files */,
			);
			path = "IQ Option Helper";
			sourceTree = "<group>";
		};
		CB3812941C328DF30016397C /* Supporting Files */ = {
			isa = PBXGroup;
			children = (
				CB3812E41C32921F0016397C /* IQOHIco120.png */,
				CB3812E51C32921F0016397C /* IQOHIco180.png */,
				CB3812951C328DF30016397C /* main.m */,
				CB3812DD1C3292130016397C /* IQOHIntro.png */,
				CB3812CA1C328E150016397C /* Roboto-Bold.ttf */,
				CB3812CD1C328E150016397C /* Roboto-Light.ttf */,
				CB3812DE1C3292130016397C /* IQOHBack.png */,
				CB3812D01C328E150016397C /* IQOH.png */,
				CB3812CB1C328E150016397C /* LOSE.png */,
				CB3812CF1C328E150016397C /* WIN.png */,
				CB3812DC1C3292130016397C /* –.png */,
				CB3812DF1C3292130016397C /* +.png */,
			);
			name = "Supporting Files";
			sourceTree = "<group>";
		};
		CB3812B01C328DF30016397C /* IQ Option HelperTests */ = {
			isa = PBXGroup;
			children = (
				CB3812B11C328DF30016397C /* IQ_Option_HelperTests.m */,
				CB3812B31C328DF30016397C /* Info.plist */,
			);
			path = "IQ Option HelperTests";
			sourceTree = "<group>";
		};
/* End PBXGroup section */

/* Begin PBXNativeTarget section */
		CB3812901C328DF30016397C /* IQ Option Helper */ = {
			isa = PBXNativeTarget;
			buildConfigurationList = CB3812C11C328DF30016397C /* Build configuration list for PBXNativeTarget "IQ Option Helper" */;
			buildPhases = (
				CB38128D1C328DF30016397C /* Sources */,
				CB38128E1C328DF30016397C /* Frameworks */,
				CB38128F1C328DF30016397C /* Resources */,
				CB9737AE1C38964800F9F9D3 /* Embed App Extensions */,
			);
			buildRules = (
			);
			dependencies = (
			);
			name = "IQ Option Helper";
			productName = "IQ Option Helper";
			productReference = CB3812911C328DF30016397C /* IQ Helper.app */;
			productType = "com.apple.product-type.application";
		};
		CB3812AC1C328DF30016397C /* IQ Option HelperTests */ = {
			isa = PBXNativeTarget;
			buildConfigurationList = CB3812C41C328DF30016397C /* Build configuration list for PBXNativeTarget "IQ Option HelperTests" */;
			buildPhases = (
				CB3812A91C328DF30016397C /* Sources */,
				CB3812AA1C328DF30016397C /* Frameworks */,
				CB3812AB1C328DF30016397C /* Resources */,
			);
			buildRules = (
			);
			dependencies = (
				CB3812AF1C328DF30016397C /* PBXTargetDependency */,
			);
			name = "IQ Option HelperTests";
			productName = "IQ Option HelperTests";
			productReference = CB3812AD1C328DF30016397C /* IQ Option HelperTests.xctest */;
			productType = "com.apple.product-type.bundle.unit-test";
		};
/* End PBXNativeTarget section */

/* Begin PBXProject section */
		CB3812891C328DF30016397C /* Project object */ = {
			isa = PBXProject;
			attributes = {
				LastUpgradeCheck = 0920;
				ORGANIZATIONNAME = DrPrykhodko;
				TargetAttributes = {
					CB3812901C328DF30016397C = {
						CreatedOnToolsVersion = 7.2;
						DevelopmentTeam = U3P9ZHAEQ7;
					};
					CB3812AC1C328DF30016397C = {
						CreatedOnToolsVersion = 7.2;
						DevelopmentTeam = VS46UCRAEW;
						TestTargetID = CB3812901C328DF30016397C;
					};
				};
			};
			buildConfigurationList = CB38128C1C328DF30016397C /* Build configuration list for PBXProject "IQ Option Helper" */;
			compatibilityVersion = "Xcode 3.2";
			developmentRegion = English;
			hasScannedForEncodings = 0;
			knownRegions = (
				en,
				Base,
			);
			mainGroup = CB3812881C328DF30016397C;
			productRefGroup = CB3812921C328DF30016397C /* Products */;
			projectDirPath = "";
			projectRoot = "";
			targets = (
				CB3812901C328DF30016397C /* IQ Option Helper */,
				CB3812AC1C328DF30016397C /* IQ Option HelperTests */,
			);
		};
/* End PBXProject section */

/* Begin PBXResourcesBuildPhase section */
		CB38128F1C328DF30016397C /* Resources */ = {
			isa = PBXResourcesBuildPhase;
			buildActionMask = 2147483647;
			files = (
				CB3812E71C32921F0016397C /* IQOHIco180.png in Resources */,
				CB3812A71C328DF30016397C /* LaunchScreen.storyboard in Resources */,
				CB3812E21C3292130016397C /* IQOHBack.png in Resources */,
				CB3812A41C328DF30016397C /* Assets.xcassets in Resources */,
				CB3812D91C328E150016397C /* IQOH.png in Resources */,
				CB3812E01C3292130016397C /* –.png in Resources */,
				CB3812D41C328E150016397C /* LOSE.png in Resources */,
				CB3812D81C328E150016397C /* WIN.png in Resources */,
				CB3812E11C3292130016397C /* IQOHIntro.png in Resources */,
				CB3812E61C32921F0016397C /* IQOHIco120.png in Resources */,
				CB3812D61C328E150016397C /* Roboto-Light.ttf in Resources */,
				CB3812E31C3292130016397C /* +.png in Resources */,
				CB3812D31C328E150016397C /* Roboto-Bold.ttf in Resources */,
				CB38129F1C328DF30016397C /* Main.storyboard in Resources */,
			);
			runOnlyForDeploymentPostprocessing = 0;
		};
		CB3812AB1C328DF30016397C /* Resources */ = {
			isa = PBXResourcesBuildPhase;
			buildActionMask = 2147483647;
			files = (
			);
			runOnlyForDeploymentPostprocessing = 0;
		};
/* End PBXResourcesBuildPhase section */

/* Begin PBXSourcesBuildPhase section */
		CB38128D1C328DF30016397C /* Sources */ = {
			isa = PBXSourcesBuildPhase;
			buildActionMask = 2147483647;
			files = (
				CB38129C1C328DF30016397C /* ViewController.m in Sources */,
				CB3812991C328DF30016397C /* AppDelegate.m in Sources */,
				CB3812A21C328DF30016397C /* IQ_Option_Helper.xcdatamodeld in Sources */,
				CB3812961C328DF30016397C /* main.m in Sources */,
			);
			runOnlyForDeploymentPostprocessing = 0;
		};
		CB3812A91C328DF30016397C /* Sources */ = {
			isa = PBXSourcesBuildPhase;
			buildActionMask = 2147483647;
			files = (
				CB3812B21C328DF30016397C /* IQ_Option_HelperTests.m in Sources */,
			);
			runOnlyForDeploymentPostprocessing = 0;
		};
/* End PBXSourcesBuildPhase section */

/* Begin PBXTargetDependency section */
		CB3812AF1C328DF30016397C /* PBXTargetDependency */ = {
			isa = PBXTargetDependency;
			target = CB3812901C328DF30016397C /* IQ Option Helper */;
			targetProxy = CB3812AE1C328DF30016397C /* PBXContainerItemProxy */;
		};
/* End PBXTargetDependency section */

/* Begin PBXVariantGroup section */
		CB38129D1C328DF30016397C /* Main.storyboard */ = {
			isa = PBXVariantGroup;
			children = (
				CB38129E1C328DF30016397C /* Base */,
			);
			name = Main.storyboard;
			sourceTree = "<group>";
		};
		CB3812A51C328DF30016397C /* LaunchScreen.storyboard */ = {
			isa = PBXVariantGroup;
			children = (
				CB3812A61C328DF30016397C /* Base */,
			);
			name = LaunchScreen.storyboard;
			sourceTree = "<group>";
		};
/* End PBXVariantGroup section */

/* Begin XCBuildConfiguration section */
		CB3812BF1C328DF30016397C /* Debug */ = {
			isa = XCBuildConfiguration;
			buildSettings = {
				ALWAYS_SEARCH_USER_PATHS = NO;
				CLANG_CXX_LANGUAGE_STANDARD = "gnu++0x";
				CLANG_CXX_LIBRARY = "libc++";
				CLANG_ENABLE_MODULES = YES;
				CLANG_ENABLE_OBJC_ARC = YES;
				CLANG_WARN_BLOCK_CAPTURE_AUTORELEASING = YES;
				CLANG_WARN_BOOL_CONVERSION = YES;
				CLANG_WARN_COMMA = YES;
				CLANG_WARN_CONSTANT_CONVERSION = YES;
				CLANG_WARN_DIRECT_OBJC_ISA_USAGE = YES_ERROR;
				CLANG_WARN_EMPTY_BODY = YES;
				CLANG_WARN_ENUM_CONVERSION = YES;
				CLANG_WARN_INFINITE_RECURSION = YES;
				CLANG_WARN_INT_CONVERSION = YES;
				CLANG_WARN_NON_LITERAL_NULL_CONVERSION = YES;
				CLANG_WARN_OBJC_LITERAL_CONVERSION = YES;
				CLANG_WARN_OBJC_ROOT_CLASS = YES_ERROR;
				CLANG_WARN_RANGE_LOOP_ANALYSIS = YES;
				CLANG_WARN_STRICT_PROTOTYPES = YES;
				CLANG_WARN_SUSPICIOUS_MOVE = YES;
				CLANG_WARN_UNREACHABLE_CODE = YES;
				CLANG_WARN__DUPLICATE_METHOD_MATCH = YES;
				"CODE_SIGN_IDENTITY[sdk=iphoneos*]" = "iPhone Developer";
				COPY_PHASE_STRIP = NO;
				DEBUG_INFORMATION_FORMAT = dwarf;
				ENABLE_STRICT_OBJC_MSGSEND = YES;
				ENABLE_TESTABILITY = YES;
				GCC_C_LANGUAGE_STANDARD = gnu99;
				GCC_DYNAMIC_NO_PIC = NO;
				GCC_NO_COMMON_BLOCKS = YES;
				GCC_OPTIMIZATION_LEVEL = 0;
				GCC_PREPROCESSOR_DEFINITIONS = (
					"DEBUG=1",
					"$(inherited)",
				);
				GCC_WARN_64_TO_32_BIT_CONVERSION = YES;
				GCC_WARN_ABOUT_RETURN_TYPE = YES_ERROR;
				GCC_WARN_UNDECLARED_SELECTOR = YES;
				GCC_WARN_UNINITIALIZED_AUTOS = YES_AGGRESSIVE;
				GCC_WARN_UNUSED_FUNCTION = YES;
				GCC_WARN_UNUSED_VARIABLE = YES;
				IPHONEOS_DEPLOYMENT_TARGET = 9.2;
				MTL_ENABLE_DEBUG_INFO = YES;
				ONLY_ACTIVE_ARCH = YES;
				SDKROOT = iphoneos;
			};
			name = Debug;
		};
		CB3812C01C328DF30016397C /* Release */ = {
			isa = XCBuildConfiguration;
			buildSettings = {
				ALWAYS_SEARCH_USER_PATHS = NO;
				CLANG_CXX_LANGUAGE_STANDARD = "gnu++0x";
				CLANG_CXX_LIBRARY = "libc++";
				CLANG_ENABLE_MODULES = YES;
				CLANG_ENABLE_OBJC_ARC = YES;
				CLANG_WARN_BLOCK_CAPTURE_AUTORELEASING = YES;
				CLANG_WARN_BOOL_CONVERSION = YES;
				CLANG_WARN_COMMA = YES;
				CLANG_WARN_CONSTANT_CONVERSION = YES;
				CLANG_WARN_DIRECT_OBJC_ISA_USAGE = YES_ERROR;
				CLANG_WARN_EMPTY_BODY = YES;
				CLANG_WARN_ENUM_CONVERSION = YES;
				CLANG_WARN_INFINITE_RECURSION = YES;
				CLANG_WARN_INT_CONVERSION = YES;
				CLANG_WARN_NON_LITERAL_NULL_CONVERSION = YES;
				CLANG_WARN_OBJC_LITERAL_CONVERSION = YES;
				CLANG_WARN_OBJC_ROOT_CLASS = YES_ERROR;
				CLANG_WARN_RANGE_LOOP_ANALYSIS = YES;
				CLANG_WARN_STRICT_PROTOTYPES = YES;
				CLANG_WARN_SUSPICIOUS_MOVE = YES;
				CLANG_WARN_UNREACHABLE_CODE = YES;
				CLANG_WARN__DUPLICATE_METHOD_MATCH = YES;
				"CODE_SIGN_IDENTITY[sdk=iphoneos*]" = "iPhone Developer";
				COPY_PHASE_STRIP = NO;
				DEBUG_INFORMATION_FORMAT = "dwarf-with-dsym";
				ENABLE_NS_ASSERTIONS = NO;
				ENABLE_STRICT_OBJC_MSGSEND = YES;
				GCC_C_LANGUAGE_STANDARD = gnu99;
				GCC_NO_COMMON_BLOCKS = YES;
				GCC_WARN_64_TO_32_BIT_CONVERSION = YES;
				GCC_WARN_ABOUT_RETURN_TYPE = YES_ERROR;
				GCC_WARN_UNDECLARED_SELECTOR = YES;
				GCC_WARN_UNINITIALIZED_AUTOS = YES_AGGRESSIVE;
				GCC_WARN_UNUSED_FUNCTION = YES;
				GCC_WARN_UNUSED_VARIABLE = YES;
				IPHONEOS_DEPLOYMENT_TARGET = 9.2;
				MTL_ENABLE_DEBUG_INFO = NO;
				SDKROOT = iphoneos;
				VALIDATE_PRODUCT = YES;
			};
			name = Release;
		};
		CB3812C21C328DF30016397C /* Debug */ = {
			isa = XCBuildConfiguration;
			buildSettings = {
				ASSETCATALOG_COMPILER_APPICON_NAME = AppIcon;
				CODE_SIGN_IDENTITY = "iPhone Developer";
				"CODE_SIGN_IDENTITY[sdk=iphoneos*]" = "iPhone Developer";
				DEVELOPMENT_TEAM = U3P9ZHAEQ7;
				INFOPLIST_FILE = "IQ Option Helper/Info.plist";
				IPHONEOS_DEPLOYMENT_TARGET = 11.3;
				LD_RUNPATH_SEARCH_PATHS = "$(inherited) @executable_path/Frameworks";
				PRODUCT_BUNDLE_IDENTIFIER = "com.weffle.IQ-Helper";
				PRODUCT_NAME = "IQ Helper";
				PROVISIONING_PROFILE = "";
				SDKROOT = iphoneos;
			};
			name = Debug;
		};
		CB3812C31C328DF30016397C /* Release */ = {
			isa = XCBuildConfiguration;
			buildSettings = {
				ASSETCATALOG_COMPILER_APPICON_NAME = AppIcon;
				CODE_SIGN_IDENTITY = "iPhone Developer";
				"CODE_SIGN_IDENTITY[sdk=iphoneos*]" = "iPhone Developer";
				DEVELOPMENT_TEAM = U3P9ZHAEQ7;
				INFOPLIST_FILE = "IQ Option Helper/Info.plist";
				IPHONEOS_DEPLOYMENT_TARGET = 11.3;
				LD_RUNPATH_SEARCH_PATHS = "$(inherited) @executable_path/Frameworks";
				PRODUCT_BUNDLE_IDENTIFIER = "com.weffle.IQ-Helper";
				PRODUCT_NAME = "IQ Helper";
				PROVISIONING_PROFILE = "";
				SDKROOT = iphoneos;
			};
			name = Release;
		};
		CB3812C51C328DF30016397C /* Debug */ = {
			isa = XCBuildConfiguration;
			buildSettings = {
				BUNDLE_LOADER = "$(TEST_HOST)";
				INFOPLIST_FILE = "IQ Option HelperTests/Info.plist";
				LD_RUNPATH_SEARCH_PATHS = "$(inherited) @executable_path/Frameworks @loader_path/Frameworks";
				PRODUCT_BUNDLE_IDENTIFIER = "Dr.IQ-Option-HelperTests";
				PRODUCT_NAME = "$(TARGET_NAME)";
				TEST_HOST = "$(BUILT_PRODUCTS_DIR)/IQ Option Helper.app/IQ Option Helper";
			};
			name = Debug;
		};
		CB3812C61C328DF30016397C /* Release */ = {
			isa = XCBuildConfiguration;
			buildSettings = {
				BUNDLE_LOADER = "$(TEST_HOST)";
				INFOPLIST_FILE = "IQ Option HelperTests/Info.plist";
				LD_RUNPATH_SEARCH_PATHS = "$(inherited) @executable_path/Frameworks @loader_path/Frameworks";
				PRODUCT_BUNDLE_IDENTIFIER = "Dr.IQ-Option-HelperTests";
				PRODUCT_NAME = "$(TARGET_NAME)";
				TEST_HOST = "$(BUILT_PRODUCTS_DIR)/IQ Option Helper.app/IQ Option Helper";
			};
			name = Release;
		};
/* End XCBuildConfiguration section */

/* Begin XCConfigurationList section */
		CB38128C1C328DF30016397C /* Build configuration list for PBXProject "IQ Option Helper" */ = {
			isa = XCConfigurationList;
			buildConfigurations = (
				CB3812BF1C328DF30016397C /* Debug */,
				CB3812C01C328DF30016397C /* Release */,
			);
			defaultConfigurationIsVisible = 0;
			defaultConfigurationName = Release;
		};
		CB3812C11C328DF30016397C /* Build configuration list for PBXNativeTarget "IQ Option Helper" */ = {
			isa = XCConfigurationList;
			buildConfigurations = (
				CB3812C21C328DF30016397C /* Debug */,
				CB3812C31C328DF30016397C /* Release */,
			);
			defaultConfigurationIsVisible = 0;
			defaultConfigurationName = Release;
		};
		CB3812C41C328DF30016397C /* Build configuration list for PBXNativeTarget "IQ Option HelperTests" */ = {
			isa = XCConfigurationList;
			buildConfigurations = (
				CB3812C51C328DF30016397C /* Debug */,
				CB3812C61C328DF30016397C /* Release */,
			);
			defaultConfigurationIsVisible = 0;
			defaultConfigurationName = Release;
		};
/* End XCConfigurationList section */

/* Begin XCVersionGroup section */
		CB3812A01C328DF30016397C /* IQ_Option_Helper.xcdatamodeld */ = {
			isa = XCVersionGroup;
			children = (
				CB3812A11C328DF30016397C /* IQ_Option_Helper.xcdatamodel */,
			);
			currentVersion = CB3812A11C328DF30016397C /* IQ_Option_Helper.xcdatamodel */;
			path = IQ_Option_Helper.xcdatamodeld;
			sourceTree = "<group>";
			versionGroupType = wrapper.xcdatamodel;
		};
/* End XCVersionGroup section */
	};
	rootObject = CB3812891C328DF30016397C /* Project object */;
}
